
Microsoft Visual Studio Solution File, Format Version 12.00
# Visual Studio Version 17
VisualStudioVersion = 17.9.34728.123
MinimumVisualStudioVersion = 10.0.40219.1
Project("{FAE04EC0-301F-11D3-BF4B-00C04F79EFBC}") = "Test-technique-Odin", "Test-technique-Odin\Test-technique-Odin.csproj", "{15C12542-7889-4DDD-8EE0-3A57E0F7BAA4}"
EndProject
Global
	GlobalSection(SolutionConfigurationPlatforms) = preSolution
		Debug|Any CPU = Debug|Any CPU
		Release|Any CPU = Release|Any CPU
	EndGlobalSection
	GlobalSection(ProjectConfigurationPlatforms) = postSolution
		{15C12542-7889-4DDD-8EE0-3A57E0F7BAA4}.Debug|Any CPU.ActiveCfg = Debug|Any CPU
		{15C12542-7889-4DDD-8EE0-3A57E0F7BAA4}.Debug|Any CPU.Build.0 = Debug|Any CPU
		{15C12542-7889-4DDD-8EE0-3A57E0F7BAA4}.Release|Any CPU.ActiveCfg = Release|Any CPU
		{15C12542-7889-4DDD-8EE0-3A57E0F7BAA4}.Release|Any CPU.Build.0 = Release|Any CPU
	EndGlobalSection
	GlobalSection(SolutionProperties) = preSolution
		HideSolutionNode = FALSE
	EndGlobalSection
	GlobalSection(ExtensibilityGlobals) = postSolution
		SolutionGuid = {1C0905C8-4FA7-48A2-9824-8B1F8E77B0C6}
	EndGlobalSection
EndGlobal
